
Microsoft Visual Studio Solution File, Format Version 12.00
# Visual Studio Version 17
VisualStudioVersion = 17.3.32929.385
MinimumVisualStudioVersion = 10.0.40219.1
Project("{9A19103F-16F7-4668-BE54-9A1E7A4F7556}") = "Study", "Study\Study.csproj", "{4A8863E4-204E-45BA-BFB5-C60DB5A72D2F}"
EndProject
Project("{FAE04EC0-301F-11D3-BF4B-00C04F79EFBC}") = "WPF", "WPF\WPF.csproj", "{BF90AB6B-AB64-4E02-8F19-A8B934D13E5C}"
EndProject
Project("{FAE04EC0-301F-11D3-BF4B-00C04F79EFBC}") = "BLL", "DAL\BLL.csproj", "{A2739449-AFF7-4790-98D6-180E2C88CD2F}"
EndProject
Global
	GlobalSection(SolutionConfigurationPlatforms) = preSolution
		Debug|Any CPU = Debug|Any CPU
		Release|Any CPU = Release|Any CPU
	EndGlobalSection
	GlobalSection(ProjectConfigurationPlatforms) = postSolution
		{4A8863E4-204E-45BA-BFB5-C60DB5A72D2F}.Debug|Any CPU.ActiveCfg = Debug|Any CPU
		{4A8863E4-204E-45BA-BFB5-C60DB5A72D2F}.Debug|Any CPU.Build.0 = Debug|Any CPU
		{4A8863E4-204E-45BA-BFB5-C60DB5A72D2F}.Release|Any CPU.ActiveCfg = Release|Any CPU
		{4A8863E4-204E-45BA-BFB5-C60DB5A72D2F}.Release|Any CPU.Build.0 = Release|Any CPU
		{BF90AB6B-AB64-4E02-8F19-A8B934D13E5C}.Debug|Any CPU.ActiveCfg = Debug|Any CPU
		{BF90AB6B-AB64-4E02-8F19-A8B934D13E5C}.Debug|Any CPU.Build.0 = Debug|Any CPU
		{BF90AB6B-AB64-4E02-8F19-A8B934D13E5C}.Release|Any CPU.ActiveCfg = Release|Any CPU
		{BF90AB6B-AB64-4E02-8F19-A8B934D13E5C}.Release|Any CPU.Build.0 = Release|Any CPU
		{A2739449-AFF7-4790-98D6-180E2C88CD2F}.Debug|Any CPU.ActiveCfg = Debug|Any CPU
		{A2739449-AFF7-4790-98D6-180E2C88CD2F}.Debug|Any CPU.Build.0 = Debug|Any CPU
		{A2739449-AFF7-4790-98D6-180E2C88CD2F}.Release|Any CPU.ActiveCfg = Release|Any CPU
		{A2739449-AFF7-4790-98D6-180E2C88CD2F}.Release|Any CPU.Build.0 = Release|Any CPU
	EndGlobalSection
	GlobalSection(SolutionProperties) = preSolution
		HideSolutionNode = FALSE
	EndGlobalSection
	GlobalSection(ExtensibilityGlobals) = postSolution
		SolutionGuid = {8D4AA81F-675B-4C04-87CB-6C0EFF567C21}
	EndGlobalSection
EndGlobal
