
Microsoft Visual Studio Solution File, Format Version 12.00
# Visual Studio Version 17
VisualStudioVersion = 17.3.32929.385
MinimumVisualStudioVersion = 10.0.40219.1
Project("{9A19103F-16F7-4668-BE54-9A1E7A4F7556}") = "DAL", "Study\DAL.csproj", "{4A8863E4-204E-45BA-BFB5-C60DB5A72D2F}"
EndProject
Project("{FAE04EC0-301F-11D3-BF4B-00C04F79EFBC}") = "BLL", "DAL\BLL.csproj", "{77CC116C-67C1-4B6F-AB90-72460EE00932}"
EndProject
Project("{FAE04EC0-301F-11D3-BF4B-00C04F79EFBC}") = "Presentations", "Presentations\Presentations.csproj", "{0BAF7689-46BD-49AA-81E6-F79D7F60425B}"
EndProject
Global
	GlobalSection(SolutionConfigurationPlatforms) = preSolution
		Debug|Any CPU = Debug|Any CPU
		Release|Any CPU = Release|Any CPU
	EndGlobalSection
	GlobalSection(ProjectConfigurationPlatforms) = postSolution
		{4A8863E4-204E-45BA-BFB5-C60DB5A72D2F}.Debug|Any CPU.ActiveCfg = Debug|Any CPU
		{4A8863E4-204E-45BA-BFB5-C60DB5A72D2F}.Debug|Any CPU.Build.0 = Debug|Any CPU
		{4A8863E4-204E-45BA-BFB5-C60DB5A72D2F}.Release|Any CPU.ActiveCfg = Release|Any CPU
		{4A8863E4-204E-45BA-BFB5-C60DB5A72D2F}.Release|Any CPU.Build.0 = Release|Any CPU
		{77CC116C-67C1-4B6F-AB90-72460EE00932}.Debug|Any CPU.ActiveCfg = Debug|Any CPU
		{77CC116C-67C1-4B6F-AB90-72460EE00932}.Debug|Any CPU.Build.0 = Debug|Any CPU
		{77CC116C-67C1-4B6F-AB90-72460EE00932}.Release|Any CPU.ActiveCfg = Release|Any CPU
		{77CC116C-67C1-4B6F-AB90-72460EE00932}.Release|Any CPU.Build.0 = Release|Any CPU
		{0BAF7689-46BD-49AA-81E6-F79D7F60425B}.Debug|Any CPU.ActiveCfg = Debug|Any CPU
		{0BAF7689-46BD-49AA-81E6-F79D7F60425B}.Debug|Any CPU.Build.0 = Debug|Any CPU
		{0BAF7689-46BD-49AA-81E6-F79D7F60425B}.Release|Any CPU.ActiveCfg = Release|Any CPU
		{0BAF7689-46BD-49AA-81E6-F79D7F60425B}.Release|Any CPU.Build.0 = Release|Any CPU
	EndGlobalSection
	GlobalSection(SolutionProperties) = preSolution
		HideSolutionNode = FALSE
	EndGlobalSection
	GlobalSection(ExtensibilityGlobals) = postSolution
		SolutionGuid = {8D4AA81F-675B-4C04-87CB-6C0EFF567C21}
	EndGlobalSection
EndGlobal
