
Microsoft Visual Studio Solution File, Format Version 12.00
# Visual Studio Version 17
VisualStudioVersion = 17.3.32922.545
MinimumVisualStudioVersion = 10.0.40219.1
Project("{FAE04EC0-301F-11D3-BF4B-00C04F79EFBC}") = "base", "base\base.csproj", "{366E43E7-D2C5-486E-BD88-50F40AC7A20E}"
EndProject
Global
	GlobalSection(SolutionConfigurationPlatforms) = preSolution
		Debug|Any CPU = Debug|Any CPU
		Release|Any CPU = Release|Any CPU
	EndGlobalSection
	GlobalSection(ProjectConfigurationPlatforms) = postSolution
		{366E43E7-D2C5-486E-BD88-50F40AC7A20E}.Debug|Any CPU.ActiveCfg = Debug|Any CPU
		{366E43E7-D2C5-486E-BD88-50F40AC7A20E}.Debug|Any CPU.Build.0 = Debug|Any CPU
		{366E43E7-D2C5-486E-BD88-50F40AC7A20E}.Release|Any CPU.ActiveCfg = Release|Any CPU
		{366E43E7-D2C5-486E-BD88-50F40AC7A20E}.Release|Any CPU.Build.0 = Release|Any CPU
	EndGlobalSection
	GlobalSection(SolutionProperties) = preSolution
		HideSolutionNode = FALSE
	EndGlobalSection
	GlobalSection(ExtensibilityGlobals) = postSolution
		SolutionGuid = {AE4887A0-8F6C-43D1-A10E-0350B687476A}
	EndGlobalSection
EndGlobal
